
Microsoft Visual Studio Solution File, Format Version 12.00
# Visual Studio Version 16
VisualStudioVersion = 16.0.31729.503
MinimumVisualStudioVersion = 10.0.40219.1
Project("{FAE04EC0-301F-11D3-BF4B-00C04F79EFBC}") = "Napista", "Napista\Napista.csproj", "{D043DC28-A8BE-4EDB-AAFE-2C9EF14AEDAC}"
EndProject
Global
	GlobalSection(SolutionConfigurationPlatforms) = preSolution
		Debug|Any CPU = Debug|Any CPU
		Release|Any CPU = Release|Any CPU
	EndGlobalSection
	GlobalSection(ProjectConfigurationPlatforms) = postSolution
		{D043DC28-A8BE-4EDB-AAFE-2C9EF14AEDAC}.Debug|Any CPU.ActiveCfg = Debug|Any CPU
		{D043DC28-A8BE-4EDB-AAFE-2C9EF14AEDAC}.Debug|Any CPU.Build.0 = Debug|Any CPU
		{D043DC28-A8BE-4EDB-AAFE-2C9EF14AEDAC}.Release|Any CPU.ActiveCfg = Release|Any CPU
		{D043DC28-A8BE-4EDB-AAFE-2C9EF14AEDAC}.Release|Any CPU.Build.0 = Release|Any CPU
	EndGlobalSection
	GlobalSection(SolutionProperties) = preSolution
		HideSolutionNode = FALSE
	EndGlobalSection
	GlobalSection(ExtensibilityGlobals) = postSolution
		SolutionGuid = {184F2C2A-1321-474B-999B-B10FC237275F}
	EndGlobalSection
EndGlobal
